Microsoft Visual Studio Solution File, Format Version 12.00
# Visual Studio Version 17
VisualStudioVersion = 17.5.2.0
MinimumVisualStudioVersion = 10.0.40219.1
Project("{FAE04EC0-301F-11D3-BF4B-00C04F79EFBC}") = "ALOud", "ALOud.csproj", "{C6F2CF8D-2C63-2C39-B178-1903850CBAF2}"
EndProject
Project("{FAE04EC0-301F-11D3-BF4B-00C04F79EFBC}") = "ALOud.Tests", "ALOud.Tests.csproj", "{50420988-A1CE-41E5-87D8-260DDD09EC72}"
EndProject
Global
	GlobalSection(SolutionConfigurationPlatforms) = preSolution
		Debug|Any CPU = Debug|Any CPU
		Release|Any CPU = Release|Any CPU
	EndGlobalSection
	GlobalSection(ProjectConfigurationPlatforms) = postSolution
		{C6F2CF8D-2C63-2C39-B178-1903850CBAF2}.Debug|Any CPU.ActiveCfg = Debug|Any CPU
		{C6F2CF8D-2C63-2C39-B178-1903850CBAF2}.Debug|Any CPU.Build.0 = Debug|Any CPU
		{C6F2CF8D-2C63-2C39-B178-1903850CBAF2}.Release|Any CPU.ActiveCfg = Release|Any CPU
		{C6F2CF8D-2C63-2C39-B178-1903850CBAF2}.Release|Any CPU.Build.0 = Release|Any CPU
		{50420988-A1CE-41E5-87D8-260DDD09EC72}.Debug|Any CPU.ActiveCfg = Debug|Any CPU
		{50420988-A1CE-41E5-87D8-260DDD09EC72}.Debug|Any CPU.Build.0 = Debug|Any CPU
		{50420988-A1CE-41E5-87D8-260DDD09EC72}.Release|Any CPU.ActiveCfg = Release|Any CPU
		{50420988-A1CE-41E5-87D8-260DDD09EC72}.Release|Any CPU.Build.0 = Release|Any CPU
	EndGlobalSection
	GlobalSection(SolutionProperties) = preSolution
		HideSolutionNode = FALSE
	EndGlobalSection
	GlobalSection(ExtensibilityGlobals) = postSolution
		SolutionGuid = {09F274C1-70C0-44AA-980F-53A6CE49978E}
	EndGlobalSection
EndGlobal
