Microsoft Visual Studio Solution File, Format Version 12.00
# Visual Studio Version 17
VisualStudioVersion = 17.5.2.0
MinimumVisualStudioVersion = 10.0.40219.1
Project("{FAE04EC0-301F-11D3-BF4B-00C04F79EFBC}") = "VeloStore", "VeloStore\VeloStore.csproj", "{5D0046F4-FD64-8ED4-78FC-2B6BE317227B}"
EndProject
Global
	GlobalSection(SolutionConfigurationPlatforms) = preSolution
		Debug|Any CPU = Debug|Any CPU
		Release|Any CPU = Release|Any CPU
	EndGlobalSection
	GlobalSection(ProjectConfigurationPlatforms) = postSolution
		{5D0046F4-FD64-8ED4-78FC-2B6BE317227B}.Debug|Any CPU.ActiveCfg = Debug|Any CPU
		{5D0046F4-FD64-8ED4-78FC-2B6BE317227B}.Debug|Any CPU.Build.0 = Debug|Any CPU
		{5D0046F4-FD64-8ED4-78FC-2B6BE317227B}.Release|Any CPU.ActiveCfg = Release|Any CPU
		{5D0046F4-FD64-8ED4-78FC-2B6BE317227B}.Release|Any CPU.Build.0 = Release|Any CPU
	EndGlobalSection
	GlobalSection(SolutionProperties) = preSolution
		HideSolutionNode = FALSE
	EndGlobalSection
	GlobalSection(ExtensibilityGlobals) = postSolution
		SolutionGuid = {CDF554E6-2BBC-4E06-9ED3-17624C0B6C2E}
	EndGlobalSection
EndGlobal
